
Microsoft Visual Studio Solution File, Format Version 12.00
# Visual Studio 15
VisualStudioVersion = 15.0.27004.2002
MinimumVisualStudioVersion = 10.0.40219.1
Project("{FAE04EC0-301F-11D3-BF4B-00C04F79EFBC}") = "CollegeDBUsingDI", "EntityStudentDatabaseForManual2NEW\CollegeDBUsingDI.csproj", "{3F0FEC36-0B95-4C44-BD18-09087DB35E9C}"
EndProject
Project("{FAE04EC0-301F-11D3-BF4B-00C04F79EFBC}") = "UnitTestProject1", "UnitTestProject1\UnitTestProject1.csproj", "{F3584C2D-76C8-42F1-A0B4-A20472C6051A}"
EndProject
Global
	GlobalSection(SolutionConfigurationPlatforms) = preSolution
		Debug|Any CPU = Debug|Any CPU
		Release|Any CPU = Release|Any CPU
	EndGlobalSection
	GlobalSection(ProjectConfigurationPlatforms) = postSolution
		{3F0FEC36-0B95-4C44-BD18-09087DB35E9C}.Debug|Any CPU.ActiveCfg = Debug|Any CPU
		{3F0FEC36-0B95-4C44-BD18-09087DB35E9C}.Debug|Any CPU.Build.0 = Debug|Any CPU
		{3F0FEC36-0B95-4C44-BD18-09087DB35E9C}.Release|Any CPU.ActiveCfg = Release|Any CPU
		{3F0FEC36-0B95-4C44-BD18-09087DB35E9C}.Release|Any CPU.Build.0 = Release|Any CPU
		{F3584C2D-76C8-42F1-A0B4-A20472C6051A}.Debug|Any CPU.ActiveCfg = Debug|Any CPU
		{F3584C2D-76C8-42F1-A0B4-A20472C6051A}.Debug|Any CPU.Build.0 = Debug|Any CPU
		{F3584C2D-76C8-42F1-A0B4-A20472C6051A}.Release|Any CPU.ActiveCfg = Release|Any CPU
		{F3584C2D-76C8-42F1-A0B4-A20472C6051A}.Release|Any CPU.Build.0 = Release|Any CPU
	EndGlobalSection
	GlobalSection(SolutionProperties) = preSolution
		HideSolutionNode = FALSE
	EndGlobalSection
	GlobalSection(ExtensibilityGlobals) = postSolution
		SolutionGuid = {84F381FB-8AFD-41D7-8214-A766A3C54D35}
	EndGlobalSection
EndGlobal
